
Microsoft Visual Studio Solution File, Format Version 12.00
Project("{FAE04EC0-301F-11D3-BF4B-00C04F79EFBC}") = "Colegio", "Colegio\Colegio.csproj", "{CCC189C5-2C6D-4CAB-8646-94D1A00803F5}"
EndProject
Global
	GlobalSection(SolutionConfigurationPlatforms) = preSolution
		Debug|Any CPU = Debug|Any CPU
		Release|Any CPU = Release|Any CPU
	EndGlobalSection
	GlobalSection(ProjectConfigurationPlatforms) = postSolution
		{CCC189C5-2C6D-4CAB-8646-94D1A00803F5}.Debug|Any CPU.ActiveCfg = Debug|Any CPU
		{CCC189C5-2C6D-4CAB-8646-94D1A00803F5}.Debug|Any CPU.Build.0 = Debug|Any CPU
		{CCC189C5-2C6D-4CAB-8646-94D1A00803F5}.Release|Any CPU.ActiveCfg = Release|Any CPU
		{CCC189C5-2C6D-4CAB-8646-94D1A00803F5}.Release|Any CPU.Build.0 = Release|Any CPU
	EndGlobalSection
EndGlobal
