
Microsoft Visual Studio Solution File, Format Version 12.00
Project("{FAE04EC0-301F-11D3-BF4B-00C04F79EFBC}") = "Guerrero", "Guerrero\Guerrero.csproj", "{38368D33-48C5-4A89-ABCD-B5C073C8AFF4}"
EndProject
Global
	GlobalSection(SolutionConfigurationPlatforms) = preSolution
		Debug|Any CPU = Debug|Any CPU
		Release|Any CPU = Release|Any CPU
	EndGlobalSection
	GlobalSection(ProjectConfigurationPlatforms) = postSolution
		{38368D33-48C5-4A89-ABCD-B5C073C8AFF4}.Debug|Any CPU.ActiveCfg = Debug|Any CPU
		{38368D33-48C5-4A89-ABCD-B5C073C8AFF4}.Debug|Any CPU.Build.0 = Debug|Any CPU
		{38368D33-48C5-4A89-ABCD-B5C073C8AFF4}.Release|Any CPU.ActiveCfg = Release|Any CPU
		{38368D33-48C5-4A89-ABCD-B5C073C8AFF4}.Release|Any CPU.Build.0 = Release|Any CPU
	EndGlobalSection
EndGlobal
