
Microsoft Visual Studio Solution File, Format Version 12.00
Project("{FAE04EC0-301F-11D3-BF4B-00C04F79EFBC}") = "api", "api\api.csproj", "{414606A6-577B-4537-8632-704E8908EFBD}"
EndProject
Global
	GlobalSection(SolutionConfigurationPlatforms) = preSolution
		Debug|Any CPU = Debug|Any CPU
		Release|Any CPU = Release|Any CPU
	EndGlobalSection
	GlobalSection(ProjectConfigurationPlatforms) = postSolution
		{414606A6-577B-4537-8632-704E8908EFBD}.Debug|Any CPU.ActiveCfg = Debug|Any CPU
		{414606A6-577B-4537-8632-704E8908EFBD}.Debug|Any CPU.Build.0 = Debug|Any CPU
		{414606A6-577B-4537-8632-704E8908EFBD}.Release|Any CPU.ActiveCfg = Release|Any CPU
		{414606A6-577B-4537-8632-704E8908EFBD}.Release|Any CPU.Build.0 = Release|Any CPU
	EndGlobalSection
EndGlobal
